
Microsoft Visual Studio Solution File, Format Version 12.00
# Visual Studio 14
VisualStudioVersion = 14.0.25123.0
MinimumVisualStudioVersion = 10.0.40219.1
Project("{F184B08F-C81C-45F6-A57F-5ABD9991F28F}") = "Unit7_ITTCreditCalcApp", "Unit7_ITTCreditCalcApp.vbproj", "{338066EE-A00D-4375-A657-2BFFE65A2887}"
EndProject
Global
	GlobalSection(SolutionConfigurationPlatforms) = preSolution
		Debug|Any CPU = Debug|Any CPU
		Release|Any CPU = Release|Any CPU
	EndGlobalSection
	GlobalSection(ProjectConfigurationPlatforms) = postSolution
		{338066EE-A00D-4375-A657-2BFFE65A2887}.Debug|Any CPU.ActiveCfg = Debug|Any CPU
		{338066EE-A00D-4375-A657-2BFFE65A2887}.Debug|Any CPU.Build.0 = Debug|Any CPU
		{338066EE-A00D-4375-A657-2BFFE65A2887}.Release|Any CPU.ActiveCfg = Release|Any CPU
		{338066EE-A00D-4375-A657-2BFFE65A2887}.Release|Any CPU.Build.0 = Release|Any CPU
	EndGlobalSection
	GlobalSection(SolutionProperties) = preSolution
		HideSolutionNode = FALSE
	EndGlobalSection
EndGlobal
